
Microsoft Visual Studio Solution File, Format Version 12.00
# Visual Studio 15
VisualStudioVersion = 15.0.28307.757
MinimumVisualStudioVersion = 10.0.40219.1
Project("{FAE04EC0-301F-11D3-BF4B-00C04F79EFBC}") = "Homework", "Homework\Homework.csproj", "{F6E71656-F727-4377-873C-4B79EC05EB42}"
EndProject
Global
	GlobalSection(SolutionConfigurationPlatforms) = preSolution
		Debug|Any CPU = Debug|Any CPU
		Release|Any CPU = Release|Any CPU
	EndGlobalSection
	GlobalSection(ProjectConfigurationPlatforms) = postSolution
		{F6E71656-F727-4377-873C-4B79EC05EB42}.Debug|Any CPU.ActiveCfg = Debug|Any CPU
		{F6E71656-F727-4377-873C-4B79EC05EB42}.Debug|Any CPU.Build.0 = Debug|Any CPU
		{F6E71656-F727-4377-873C-4B79EC05EB42}.Release|Any CPU.ActiveCfg = Release|Any CPU
		{F6E71656-F727-4377-873C-4B79EC05EB42}.Release|Any CPU.Build.0 = Release|Any CPU
	EndGlobalSection
	GlobalSection(SolutionProperties) = preSolution
		HideSolutionNode = FALSE
	EndGlobalSection
	GlobalSection(ExtensibilityGlobals) = postSolution
		SolutionGuid = {748290F9-E4C3-4F48-8814-32E4A4A7390C}
	EndGlobalSection
EndGlobal
