
Microsoft Visual Studio Solution File, Format Version 12.00
# Visual Studio 15
VisualStudioVersion = 15.0.28307.757
MinimumVisualStudioVersion = 10.0.40219.1
Project("{FAE04EC0-301F-11D3-BF4B-00C04F79EFBC}") = "Homework5", "Homework5\Homework5.csproj", "{AC0F7654-1542-4956-AAE3-13CD015296BE}"
EndProject
Global
	GlobalSection(SolutionConfigurationPlatforms) = preSolution
		Debug|Any CPU = Debug|Any CPU
		Release|Any CPU = Release|Any CPU
	EndGlobalSection
	GlobalSection(ProjectConfigurationPlatforms) = postSolution
		{AC0F7654-1542-4956-AAE3-13CD015296BE}.Debug|Any CPU.ActiveCfg = Debug|Any CPU
		{AC0F7654-1542-4956-AAE3-13CD015296BE}.Debug|Any CPU.Build.0 = Debug|Any CPU
		{AC0F7654-1542-4956-AAE3-13CD015296BE}.Release|Any CPU.ActiveCfg = Release|Any CPU
		{AC0F7654-1542-4956-AAE3-13CD015296BE}.Release|Any CPU.Build.0 = Release|Any CPU
	EndGlobalSection
	GlobalSection(SolutionProperties) = preSolution
		HideSolutionNode = FALSE
	EndGlobalSection
	GlobalSection(ExtensibilityGlobals) = postSolution
		SolutionGuid = {56BDD67A-4F68-4A0D-B909-4DA0FA95E01D}
	EndGlobalSection
EndGlobal
