Microsoft Visual Studio Solution File, Format Version 12.00
# Visual Studio Version 16
VisualStudioVersion = 16.0.29519.87
MinimumVisualStudioVersion = 10.0.40219.1
Project("{9A19103F-16F7-4668-BE54-9A1E7A4F7556}") = "Reminder.Storage", "Reminder.Storage\Reminder.Storage.csproj", "{80EC2AB0-D83E-4BC1-AA00-7F22CB724A70}"
EndProject
Project("{9A19103F-16F7-4668-BE54-9A1E7A4F7556}") = "Reminder.Storage.Memory", "Reminder.Storage.Memory\Reminder.Storage.Memory.csproj", "{47DE8714-11DB-4726-A20D-59D7058357E6}"
EndProject
Project("{2150E333-8FDC-42A3-9474-1A3956D46DE8}") = "app", "app", "{BD76C7F2-2077-4726-956A-06187C9E1C4B}"
EndProject
Project("{2150E333-8FDC-42A3-9474-1A3956D46DE8}") = "tests", "tests", "{2663967D-440B-417D-B25F-67C029671408}"
EndProject
Project("{9A19103F-16F7-4668-BE54-9A1E7A4F7556}") = "Reminder.Storage.Memory.Tests", "Reminder.Storage.Memory.Tests\Reminder.Storage.Memory.Tests.csproj", "{92F3DF9C-06E6-42C3-87BC-889E1A4FCF79}"
EndProject
Project("{9A19103F-16F7-4668-BE54-9A1E7A4F7556}") = "Reminder.Storage.Tests", "Reminder.Storage.Tests\Reminder.Storage.Tests.csproj", "{775F07E9-0649-4385-A578-102E16CB6787}"
EndProject
Project("{9A19103F-16F7-4668-BE54-9A1E7A4F7556}") = "Reminder", "Reminder\Reminder.csproj", "{51DB15D5-E11D-45B7-AA3F-40F64CE6D968}"
EndProject
Project("{9A19103F-16F7-4668-BE54-9A1E7A4F7556}") = "Reminder.Domain", "Reminder.Domain\Reminder.Domain.csproj", "{63AC936D-1BD5-4D1B-AD73-8A4ED4F31537}"
EndProject
Project("{9A19103F-16F7-4668-BE54-9A1E7A4F7556}") = "Reminder.Domain.Tests", "Reminder.Domain.Tests\Reminder.Domain.Tests.csproj", "{D4EA2E62-8285-44D6-98EC-6ED0BF4E9835}"
EndProject
Project("{9A19103F-16F7-4668-BE54-9A1E7A4F7556}") = "Reminder.Sender", "Reminder.Sender\Reminder.Sender.csproj", "{00444504-07D2-4420-83DC-A0A7803A3DD6}"
EndProject
Project("{9A19103F-16F7-4668-BE54-9A1E7A4F7556}") = "Reminder.Receiver", "Reminder.Receiver\Reminder.Receiver.csproj", "{5B79B366-E1BA-47A0-A5A2-DD4EB498AED5}"
EndProject
Project("{9A19103F-16F7-4668-BE54-9A1E7A4F7556}") = "Reminder.Receiver.Telegram", "Reminder.Receiver.Telegram\Reminder.Receiver.Telegram.csproj", "{5166E6AD-AEA0-4D40-8D13-53936C1F4FF6}"
EndProject
Project("{9A19103F-16F7-4668-BE54-9A1E7A4F7556}") = "Reminder.Sender.Telegram", "Reminder.Sender.Telegram\Reminder.Sender.Telegram.csproj", "{668D5B9A-0EBA-4991-BC45-2DC1F172814E}"
EndProject
Project("{9A19103F-16F7-4668-BE54-9A1E7A4F7556}") = "Reminder.Receiver.Tests", "Reminder.Receiver.Tests\Reminder.Receiver.Tests.csproj", "{4EE30070-1C07-4646-A3B8-E4FDFC0CE220}"
EndProject
Project("{FAE04EC0-301F-11D3-BF4B-00C04F79EFBC}") = "Reminder.WebApi", "Reminder.WebApi\Reminder.WebApi.csproj", "{8FEBA3B2-FE5B-4BF6-9776-A55DDDC78B55}"
EndProject
Project("{FAE04EC0-301F-11D3-BF4B-00C04F79EFBC}") = "Reminder.Storage.WebApi", "Reminder.Storage.WebApi\Reminder.Storage.WebApi.csproj", "{DE388E05-341E-48B1-BAC5-D34AB8CCF0BA}"
EndProject
Project("{FAE04EC0-301F-11D3-BF4B-00C04F79EFBC}") = "Reminder.WebApi.Tests", "Reminder.WebApi.Tests\Reminder.WebApi.Tests.csproj", "{5780DC27-A749-4D18-90B4-D7C1F75616D4}"
EndProject
Global
	GlobalSection(SolutionConfigurationPlatforms) = preSolution
		Debug|Any CPU = Debug|Any CPU
		Release|Any CPU = Release|Any CPU
	EndGlobalSection
	GlobalSection(ProjectConfigurationPlatforms) = postSolution
		{80EC2AB0-D83E-4BC1-AA00-7F22CB724A70}.Debug|Any CPU.ActiveCfg = Debug|Any CPU
		{80EC2AB0-D83E-4BC1-AA00-7F22CB724A70}.Debug|Any CPU.Build.0 = Debug|Any CPU
		{80EC2AB0-D83E-4BC1-AA00-7F22CB724A70}.Release|Any CPU.ActiveCfg = Release|Any CPU
		{80EC2AB0-D83E-4BC1-AA00-7F22CB724A70}.Release|Any CPU.Build.0 = Release|Any CPU
		{47DE8714-11DB-4726-A20D-59D7058357E6}.Debug|Any CPU.ActiveCfg = Debug|Any CPU
		{47DE8714-11DB-4726-A20D-59D7058357E6}.Debug|Any CPU.Build.0 = Debug|Any CPU
		{47DE8714-11DB-4726-A20D-59D7058357E6}.Release|Any CPU.ActiveCfg = Release|Any CPU
		{47DE8714-11DB-4726-A20D-59D7058357E6}.Release|Any CPU.Build.0 = Release|Any CPU
		{92F3DF9C-06E6-42C3-87BC-889E1A4FCF79}.Debug|Any CPU.ActiveCfg = Debug|Any CPU
		{92F3DF9C-06E6-42C3-87BC-889E1A4FCF79}.Debug|Any CPU.Build.0 = Debug|Any CPU
		{92F3DF9C-06E6-42C3-87BC-889E1A4FCF79}.Release|Any CPU.ActiveCfg = Release|Any CPU
		{92F3DF9C-06E6-42C3-87BC-889E1A4FCF79}.Release|Any CPU.Build.0 = Release|Any CPU
		{775F07E9-0649-4385-A578-102E16CB6787}.Debug|Any CPU.ActiveCfg = Debug|Any CPU
		{775F07E9-0649-4385-A578-102E16CB6787}.Debug|Any CPU.Build.0 = Debug|Any CPU
		{775F07E9-0649-4385-A578-102E16CB6787}.Release|Any CPU.ActiveCfg = Release|Any CPU
		{775F07E9-0649-4385-A578-102E16CB6787}.Release|Any CPU.Build.0 = Release|Any CPU
		{51DB15D5-E11D-45B7-AA3F-40F64CE6D968}.Debug|Any CPU.ActiveCfg = Debug|Any CPU
		{51DB15D5-E11D-45B7-AA3F-40F64CE6D968}.Debug|Any CPU.Build.0 = Debug|Any CPU
		{51DB15D5-E11D-45B7-AA3F-40F64CE6D968}.Release|Any CPU.ActiveCfg = Release|Any CPU
		{51DB15D5-E11D-45B7-AA3F-40F64CE6D968}.Release|Any CPU.Build.0 = Release|Any CPU
		{63AC936D-1BD5-4D1B-AD73-8A4ED4F31537}.Debug|Any CPU.ActiveCfg = Debug|Any CPU
		{63AC936D-1BD5-4D1B-AD73-8A4ED4F31537}.Debug|Any CPU.Build.0 = Debug|Any CPU
		{63AC936D-1BD5-4D1B-AD73-8A4ED4F31537}.Release|Any CPU.ActiveCfg = Release|Any CPU
		{63AC936D-1BD5-4D1B-AD73-8A4ED4F31537}.Release|Any CPU.Build.0 = Release|Any CPU
		{D4EA2E62-8285-44D6-98EC-6ED0BF4E9835}.Debug|Any CPU.ActiveCfg = Debug|Any CPU
		{D4EA2E62-8285-44D6-98EC-6ED0BF4E9835}.Debug|Any CPU.Build.0 = Debug|Any CPU
		{D4EA2E62-8285-44D6-98EC-6ED0BF4E9835}.Release|Any CPU.ActiveCfg = Release|Any CPU
		{D4EA2E62-8285-44D6-98EC-6ED0BF4E9835}.Release|Any CPU.Build.0 = Release|Any CPU
		{00444504-07D2-4420-83DC-A0A7803A3DD6}.Debug|Any CPU.ActiveCfg = Debug|Any CPU
		{00444504-07D2-4420-83DC-A0A7803A3DD6}.Debug|Any CPU.Build.0 = Debug|Any CPU
		{00444504-07D2-4420-83DC-A0A7803A3DD6}.Release|Any CPU.ActiveCfg = Release|Any CPU
		{00444504-07D2-4420-83DC-A0A7803A3DD6}.Release|Any CPU.Build.0 = Release|Any CPU
		{5B79B366-E1BA-47A0-A5A2-DD4EB498AED5}.Debug|Any CPU.ActiveCfg = Debug|Any CPU
		{5B79B366-E1BA-47A0-A5A2-DD4EB498AED5}.Debug|Any CPU.Build.0 = Debug|Any CPU
		{5B79B366-E1BA-47A0-A5A2-DD4EB498AED5}.Release|Any CPU.ActiveCfg = Release|Any CPU
		{5B79B366-E1BA-47A0-A5A2-DD4EB498AED5}.Release|Any CPU.Build.0 = Release|Any CPU
		{5166E6AD-AEA0-4D40-8D13-53936C1F4FF6}.Debug|Any CPU.ActiveCfg = Debug|Any CPU
		{5166E6AD-AEA0-4D40-8D13-53936C1F4FF6}.Debug|Any CPU.Build.0 = Debug|Any CPU
		{5166E6AD-AEA0-4D40-8D13-53936C1F4FF6}.Release|Any CPU.ActiveCfg = Release|Any CPU
		{5166E6AD-AEA0-4D40-8D13-53936C1F4FF6}.Release|Any CPU.Build.0 = Release|Any CPU
		{668D5B9A-0EBA-4991-BC45-2DC1F172814E}.Debug|Any CPU.ActiveCfg = Debug|Any CPU
		{668D5B9A-0EBA-4991-BC45-2DC1F172814E}.Debug|Any CPU.Build.0 = Debug|Any CPU
		{668D5B9A-0EBA-4991-BC45-2DC1F172814E}.Release|Any CPU.ActiveCfg = Release|Any CPU
		{668D5B9A-0EBA-4991-BC45-2DC1F172814E}.Release|Any CPU.Build.0 = Release|Any CPU
		{4EE30070-1C07-4646-A3B8-E4FDFC0CE220}.Debug|Any CPU.ActiveCfg = Debug|Any CPU
		{4EE30070-1C07-4646-A3B8-E4FDFC0CE220}.Debug|Any CPU.Build.0 = Debug|Any CPU
		{4EE30070-1C07-4646-A3B8-E4FDFC0CE220}.Release|Any CPU.ActiveCfg = Release|Any CPU
		{4EE30070-1C07-4646-A3B8-E4FDFC0CE220}.Release|Any CPU.Build.0 = Release|Any CPU
		{8FEBA3B2-FE5B-4BF6-9776-A55DDDC78B55}.Debug|Any CPU.ActiveCfg = Debug|Any CPU
		{8FEBA3B2-FE5B-4BF6-9776-A55DDDC78B55}.Debug|Any CPU.Build.0 = Debug|Any CPU
		{8FEBA3B2-FE5B-4BF6-9776-A55DDDC78B55}.Release|Any CPU.ActiveCfg = Release|Any CPU
		{8FEBA3B2-FE5B-4BF6-9776-A55DDDC78B55}.Release|Any CPU.Build.0 = Release|Any CPU
		{DE388E05-341E-48B1-BAC5-D34AB8CCF0BA}.Debug|Any CPU.ActiveCfg = Debug|Any CPU
		{DE388E05-341E-48B1-BAC5-D34AB8CCF0BA}.Debug|Any CPU.Build.0 = Debug|Any CPU
		{DE388E05-341E-48B1-BAC5-D34AB8CCF0BA}.Release|Any CPU.ActiveCfg = Release|Any CPU
		{DE388E05-341E-48B1-BAC5-D34AB8CCF0BA}.Release|Any CPU.Build.0 = Release|Any CPU
		{5780DC27-A749-4D18-90B4-D7C1F75616D4}.Debug|Any CPU.ActiveCfg = Debug|Any CPU
		{5780DC27-A749-4D18-90B4-D7C1F75616D4}.Debug|Any CPU.Build.0 = Debug|Any CPU
		{5780DC27-A749-4D18-90B4-D7C1F75616D4}.Release|Any CPU.ActiveCfg = Release|Any CPU
		{5780DC27-A749-4D18-90B4-D7C1F75616D4}.Release|Any CPU.Build.0 = Release|Any CPU
	EndGlobalSection
	GlobalSection(SolutionProperties) = preSolution
		HideSolutionNode = FALSE
	EndGlobalSection
	GlobalSection(NestedProjects) = preSolution
		{80EC2AB0-D83E-4BC1-AA00-7F22CB724A70} = {BD76C7F2-2077-4726-956A-06187C9E1C4B}
		{47DE8714-11DB-4726-A20D-59D7058357E6} = {BD76C7F2-2077-4726-956A-06187C9E1C4B}
		{92F3DF9C-06E6-42C3-87BC-889E1A4FCF79} = {2663967D-440B-417D-B25F-67C029671408}
		{775F07E9-0649-4385-A578-102E16CB6787} = {2663967D-440B-417D-B25F-67C029671408}
		{51DB15D5-E11D-45B7-AA3F-40F64CE6D968} = {BD76C7F2-2077-4726-956A-06187C9E1C4B}
		{63AC936D-1BD5-4D1B-AD73-8A4ED4F31537} = {BD76C7F2-2077-4726-956A-06187C9E1C4B}
		{D4EA2E62-8285-44D6-98EC-6ED0BF4E9835} = {2663967D-440B-417D-B25F-67C029671408}
		{00444504-07D2-4420-83DC-A0A7803A3DD6} = {BD76C7F2-2077-4726-956A-06187C9E1C4B}
		{5B79B366-E1BA-47A0-A5A2-DD4EB498AED5} = {BD76C7F2-2077-4726-956A-06187C9E1C4B}
		{5166E6AD-AEA0-4D40-8D13-53936C1F4FF6} = {BD76C7F2-2077-4726-956A-06187C9E1C4B}
		{668D5B9A-0EBA-4991-BC45-2DC1F172814E} = {BD76C7F2-2077-4726-956A-06187C9E1C4B}
		{4EE30070-1C07-4646-A3B8-E4FDFC0CE220} = {2663967D-440B-417D-B25F-67C029671408}
		{8FEBA3B2-FE5B-4BF6-9776-A55DDDC78B55} = {BD76C7F2-2077-4726-956A-06187C9E1C4B}
		{DE388E05-341E-48B1-BAC5-D34AB8CCF0BA} = {BD76C7F2-2077-4726-956A-06187C9E1C4B}
		{5780DC27-A749-4D18-90B4-D7C1F75616D4} = {2663967D-440B-417D-B25F-67C029671408}
	EndGlobalSection
	GlobalSection(ExtensibilityGlobals) = postSolution
		SolutionGuid = {C941D66E-6E6B-4C43-B277-BDEAAB65BAE8}
	EndGlobalSection
EndGlobal
